
Microsoft Visual Studio Solution File, Format Version 12.00
# Visual Studio Version 16
VisualStudioVersion = 16.0.31321.278
MinimumVisualStudioVersion = 10.0.40219.1
Project("{FAE04EC0-301F-11D3-BF4B-00C04F79EFBC}") = "ProjeX", "ProjeX\ProjeX.csproj", "{9B76AAC2-EC09-4200-B035-0415C6648CE1}"
EndProject
Global
	GlobalSection(SolutionConfigurationPlatforms) = preSolution
		Debug|Any CPU = Debug|Any CPU
		Release|Any CPU = Release|Any CPU
	EndGlobalSection
	GlobalSection(ProjectConfigurationPlatforms) = postSolution
		{9B76AAC2-EC09-4200-B035-0415C6648CE1}.Debug|Any CPU.ActiveCfg = Debug|Any CPU
		{9B76AAC2-EC09-4200-B035-0415C6648CE1}.Debug|Any CPU.Build.0 = Debug|Any CPU
		{9B76AAC2-EC09-4200-B035-0415C6648CE1}.Release|Any CPU.ActiveCfg = Release|Any CPU
		{9B76AAC2-EC09-4200-B035-0415C6648CE1}.Release|Any CPU.Build.0 = Release|Any CPU
	EndGlobalSection
	GlobalSection(SolutionProperties) = preSolution
		HideSolutionNode = FALSE
	EndGlobalSection
	GlobalSection(ExtensibilityGlobals) = postSolution
		SolutionGuid = {3AE874EE-D2CA-4F82-82DD-7F4749140E63}
	EndGlobalSection
EndGlobal
